<?xml version="1.0" encoding="utf-8"?>
<Project ToolsVersion="4.0" xmlns="http://schemas.microsoft.com/developer/msbuild/2003">
  <ItemGroup>
    <Filter Include="Source Files">
      <UniqueIdentifier>{441f28cf-d1c5-47c5-b7d7-4a6404f62510}</UniqueIdentifier>
      <Extensions>cpp</Extensions>
    </Filter>
    <Filter Include="Header Files">
      <UniqueIdentifier>{37d59bb4-cfeb-4465-b3da-3b67b3460198}</UniqueIdentifier>
      <Extensions>h</Extensions>
    </Filter>
    <Filter Include="Miscellaneous Files">
      <UniqueIdentifier>{8edcbf28-9633-4df2-a520-52482ddb9271}</UniqueIdentifier>
      <Extensions>txt</Extensions>
    </Filter>
  </ItemGroup>
  <ItemGroup>
    <Text Include="ReadMe.txt">
      <Filter>Miscellaneous Files</Filter>
    </Text>
    <Text Include="Options.txt">
      <Filter>Miscellaneous Files</Filter>
    </Text>
  </ItemGroup>
  <ItemGroup>
    <ClCompile Include="pluginMain.cpp">
      <Filter>Source Files</Filter>
    </ClCompile>
    <ClCompile Include="IKNode.cpp">
      <Filter>Source Files</Filter>
    </ClCompile>
    <ClCompile Include="utils.cpp">
      <Filter>Source Files</Filter>
    </ClCompile>
    <ClCompile Include="SquashNode.cpp">
      <Filter>Source Files</Filter>
    </ClCompile>
    <ClCompile Include="Swing.cpp">
      <Filter>Source Files</Filter>
    </ClCompile>
    <ClCompile Include="Drum.cpp">
      <Filter>Source Files</Filter>
    </ClCompile>
    <ClCompile Include="transferSkinWeights.cpp">
      <Filter>Source Files</Filter>
    </ClCompile>
    <ClCompile Include="SplitWeights.cpp">
      <Filter>Source Files</Filter>
    </ClCompile>
    <ClCompile Include="BlendMatrix.cpp">
      <Filter>Source Files</Filter>
    </ClCompile>
  </ItemGroup>
  <ItemGroup>
    <ClInclude Include="Faith_solvers.h">
      <Filter>Header Files</Filter>
    </ClInclude>
  </ItemGroup>
</Project>